{
  "pins" : [
    {
      "identity" : "path",
      "kind" : "remoteSourceControl",
      "location" : "https://github.com/tuist/Path",
      "state" : {
        "revision" : "7c74ac435e03a927c3a73134c48b61e60221abcb",
        "version" : "0.3.8"
      }
    },
    {
      "identity" : "swift-log",
      "kind" : "remoteSourceControl",
      "location" : "https://github.com/apple/swift-log",
      "state" : {
        "revision" : "bbd81b6725ae874c69e9b8c8804d462356b55523",
        "version" : "1.10.1"
      }
    },
    {
      "identity" : "zipfoundation",
      "kind" : "remoteSourceControl",
      "location" : "https://github.com/tuist/ZIPFoundation",
      "state" : {
        "revision" : "e9b1917bd4d7d050e0ff4ec157b5d6e253c84385",
        "version" : "0.9.20"
      }
    }
  ],
  "version" : 2
}
